
Microsoft Visual Studio Solution File, Format Version 12.00
# Visual Studio Version 17
VisualStudioVersion = 17.5.002.0
MinimumVisualStudioVersion = 10.0.40219.1
Project("{9A19103F-16F7-4668-BE54-9A1E7A4F7556}") = "dictionary_of_student_input", "dictionary_of_student_input\dictionary_of_student_input.csproj", "{82799D20-673D-4B88-900B-07F84772E2DB}"
EndProject
Project("{9A19103F-16F7-4668-BE54-9A1E7A4F7556}") = "fruits_list", "fruits_list\fruits_list.csproj", "{64B58B63-8AB1-41EC-AFDF-B777BD007BCE}"
EndProject
Project("{9A19103F-16F7-4668-BE54-9A1E7A4F7556}") = "function", "function\function.csproj", "{2F4F8522-A662-41F1-8801-A67D1CBD5D05}"
EndProject
Project("{9A19103F-16F7-4668-BE54-9A1E7A4F7556}") = "gpa_linq", "gpa_linq\gpa_linq.csproj", "{A7E91D36-9076-4BC4-B27D-B1D9EFEE64F7}"
EndProject
Project("{9A19103F-16F7-4668-BE54-9A1E7A4F7556}") = "Predicate_int", "Predicate_int\Predicate_int.csproj", "{775B0A97-D1C6-42A2-AE23-A1A8795F2E13}"
EndProject
Global
	GlobalSection(SolutionConfigurationPlatforms) = preSolution
		Debug|Any CPU = Debug|Any CPU
		Release|Any CPU = Release|Any CPU
	EndGlobalSection
	GlobalSection(ProjectConfigurationPlatforms) = postSolution
		{82799D20-673D-4B88-900B-07F84772E2DB}.Debug|Any CPU.ActiveCfg = Debug|Any CPU
		{82799D20-673D-4B88-900B-07F84772E2DB}.Debug|Any CPU.Build.0 = Debug|Any CPU
		{82799D20-673D-4B88-900B-07F84772E2DB}.Release|Any CPU.ActiveCfg = Release|Any CPU
		{82799D20-673D-4B88-900B-07F84772E2DB}.Release|Any CPU.Build.0 = Release|Any CPU
		{64B58B63-8AB1-41EC-AFDF-B777BD007BCE}.Debug|Any CPU.ActiveCfg = Debug|Any CPU
		{64B58B63-8AB1-41EC-AFDF-B777BD007BCE}.Debug|Any CPU.Build.0 = Debug|Any CPU
		{64B58B63-8AB1-41EC-AFDF-B777BD007BCE}.Release|Any CPU.ActiveCfg = Release|Any CPU
		{64B58B63-8AB1-41EC-AFDF-B777BD007BCE}.Release|Any CPU.Build.0 = Release|Any CPU
		{2F4F8522-A662-41F1-8801-A67D1CBD5D05}.Debug|Any CPU.ActiveCfg = Debug|Any CPU
		{2F4F8522-A662-41F1-8801-A67D1CBD5D05}.Debug|Any CPU.Build.0 = Debug|Any CPU
		{2F4F8522-A662-41F1-8801-A67D1CBD5D05}.Release|Any CPU.ActiveCfg = Release|Any CPU
		{2F4F8522-A662-41F1-8801-A67D1CBD5D05}.Release|Any CPU.Build.0 = Release|Any CPU
		{A7E91D36-9076-4BC4-B27D-B1D9EFEE64F7}.Debug|Any CPU.ActiveCfg = Debug|Any CPU
		{A7E91D36-9076-4BC4-B27D-B1D9EFEE64F7}.Debug|Any CPU.Build.0 = Debug|Any CPU
		{A7E91D36-9076-4BC4-B27D-B1D9EFEE64F7}.Release|Any CPU.ActiveCfg = Release|Any CPU
		{A7E91D36-9076-4BC4-B27D-B1D9EFEE64F7}.Release|Any CPU.Build.0 = Release|Any CPU
		{775B0A97-D1C6-42A2-AE23-A1A8795F2E13}.Debug|Any CPU.ActiveCfg = Debug|Any CPU
		{775B0A97-D1C6-42A2-AE23-A1A8795F2E13}.Debug|Any CPU.Build.0 = Debug|Any CPU
		{775B0A97-D1C6-42A2-AE23-A1A8795F2E13}.Release|Any CPU.ActiveCfg = Release|Any CPU
		{775B0A97-D1C6-42A2-AE23-A1A8795F2E13}.Release|Any CPU.Build.0 = Release|Any CPU
	EndGlobalSection
	GlobalSection(SolutionProperties) = preSolution
		HideSolutionNode = FALSE
	EndGlobalSection
	GlobalSection(ExtensibilityGlobals) = postSolution
		SolutionGuid = {78EA7B0F-408A-48B0-8A57-B86C31F77051}
	EndGlobalSection
EndGlobal
