
Microsoft Visual Studio Solution File, Format Version 12.00
# Visual Studio Version 17
VisualStudioVersion = 17.5.002.0
MinimumVisualStudioVersion = 10.0.40219.1
Project("{9A19103F-16F7-4668-BE54-9A1E7A4F7556}") = "exception", "exception\exception.csproj", "{8C70DB9E-1A98-4969-B3F9-E6064569CE7F}"
EndProject
Project("{9A19103F-16F7-4668-BE54-9A1E7A4F7556}") = "exception_not_even", "exception_not_even\exception_not_even.csproj", "{810A46C4-0B14-4DE4-B156-B727F79095E8}"
EndProject
Project("{9A19103F-16F7-4668-BE54-9A1E7A4F7556}") = "hierarchy", "hierarchy\hierarchy.csproj", "{BB004662-F2B9-4D50-8C23-3FB91C80A316}"
EndProject
Global
	GlobalSection(SolutionConfigurationPlatforms) = preSolution
		Debug|Any CPU = Debug|Any CPU
		Release|Any CPU = Release|Any CPU
	EndGlobalSection
	GlobalSection(ProjectConfigurationPlatforms) = postSolution
		{8C70DB9E-1A98-4969-B3F9-E6064569CE7F}.Debug|Any CPU.ActiveCfg = Debug|Any CPU
		{8C70DB9E-1A98-4969-B3F9-E6064569CE7F}.Debug|Any CPU.Build.0 = Debug|Any CPU
		{8C70DB9E-1A98-4969-B3F9-E6064569CE7F}.Release|Any CPU.ActiveCfg = Release|Any CPU
		{8C70DB9E-1A98-4969-B3F9-E6064569CE7F}.Release|Any CPU.Build.0 = Release|Any CPU
		{810A46C4-0B14-4DE4-B156-B727F79095E8}.Debug|Any CPU.ActiveCfg = Debug|Any CPU
		{810A46C4-0B14-4DE4-B156-B727F79095E8}.Debug|Any CPU.Build.0 = Debug|Any CPU
		{810A46C4-0B14-4DE4-B156-B727F79095E8}.Release|Any CPU.ActiveCfg = Release|Any CPU
		{810A46C4-0B14-4DE4-B156-B727F79095E8}.Release|Any CPU.Build.0 = Release|Any CPU
		{BB004662-F2B9-4D50-8C23-3FB91C80A316}.Debug|Any CPU.ActiveCfg = Debug|Any CPU
		{BB004662-F2B9-4D50-8C23-3FB91C80A316}.Debug|Any CPU.Build.0 = Debug|Any CPU
		{BB004662-F2B9-4D50-8C23-3FB91C80A316}.Release|Any CPU.ActiveCfg = Release|Any CPU
		{BB004662-F2B9-4D50-8C23-3FB91C80A316}.Release|Any CPU.Build.0 = Release|Any CPU
	EndGlobalSection
	GlobalSection(SolutionProperties) = preSolution
		HideSolutionNode = FALSE
	EndGlobalSection
	GlobalSection(ExtensibilityGlobals) = postSolution
		SolutionGuid = {C85D8F50-E775-492B-A745-9C8EA8A2AC65}
	EndGlobalSection
EndGlobal
